{
    "_meta": {
        "hash": {
            "sha256": "f69eebaa9273796b31228577e123460fd7b9df281c837d5c8f80603c7d6ce3cf"
        },
        "pipfile-spec": 1,
        "requires": {},
        "sources": [
            {
                "url": "https://pypi.python.org/simple",
                "verify_ssl": true
            }
        ]
    },
    "default": {
        "flask": {
            "version": "==0.10.1"
        },
        "gunicorn": {
            "version": "==19.4.5"
        },
        "itsdangerous": {
            "version": "==0.24"
        },
        "jinja2": {
            "version": "==2.9.6"
        },
        "markupsafe": {
            "version": "==1.0"
        },
        "werkzeug": {
            "version": "==0.12.2"
        }
    },
    "develop": {}
}
